
Microsoft Visual Studio Solution File, Format Version 12.00
# Visual Studio Version 17
VisualStudioVersion = 17.4.33110.190
MinimumVisualStudioVersion = 10.0.40219.1
Project("{9A19103F-16F7-4668-BE54-9A1E7A4F7556}") = "grocery-store", "grocery-store.csproj", "{80292539-8E45-43AE-8468-892FF4C4F0FF}"
EndProject
Global
	GlobalSection(SolutionConfigurationPlatforms) = preSolution
		Debug|Any CPU = Debug|Any CPU
		Release|Any CPU = Release|Any CPU
	EndGlobalSection
	GlobalSection(ProjectConfigurationPlatforms) = postSolution
		{80292539-8E45-43AE-8468-892FF4C4F0FF}.Debug|Any CPU.ActiveCfg = Debug|Any CPU
		{80292539-8E45-43AE-8468-892FF4C4F0FF}.Debug|Any CPU.Build.0 = Debug|Any CPU
		{80292539-8E45-43AE-8468-892FF4C4F0FF}.Release|Any CPU.ActiveCfg = Release|Any CPU
		{80292539-8E45-43AE-8468-892FF4C4F0FF}.Release|Any CPU.Build.0 = Release|Any CPU
	EndGlobalSection
	GlobalSection(SolutionProperties) = preSolution
		HideSolutionNode = FALSE
	EndGlobalSection
	GlobalSection(ExtensibilityGlobals) = postSolution
		SolutionGuid = {84C8BD8A-F338-46D7-8CE3-758A9107C22B}
	EndGlobalSection
EndGlobal
